github.com/blitz-frost/conv v0.2.1 h1:ZQgtGeEavJzjEi+F6un0pa3C63GXvDTtrHcC8Dx3Zhw=
github.com/blitz-frost/conv v0.2.1/go.mod h1:eY+kjPK59AcuKpBkWo2FwetwK1sZgayMHBBbiDCwz50=
github.com/blitz-frost/io v0.1.1 h1:0llyRGEzl4cC7XBQHUohPBYHZmtRcSN84bXcoQMCdJE=
github.com/blitz-frost/io v0.1.1/go.mod h1:96bc49cgWxKivlq5s+aK5l7FFotrSlTCLegKbmMe82Q=
