github.com/blitz-frost/io v0.2.5 h1:yK+KcLlK7AV+7S423UoE9C3F1DIj0AT4i+tNHTFWL0o=
github.com/blitz-frost/io v0.2.5/go.mod h1:h7gT4ncQ+eyYZMCnsrKfVlue5gXwZaMQ+DMXS+EaRVs=
github.com/blitz-frost/msg v0.1.1 h1:C9fGUhBeW7BcJMBhMirWNom09QX6cwpEf0LIW7/vibI=
github.com/blitz-frost/msg v0.1.1/go.mod h1:uQy8Tigo19XA/i/GeXC3+NtTFUzD08mdagIezoN44ec=
